{
  "name": "mern-food-odering-app",
  "lockfileVersion": 3,
  "requires": true,
  "packages": {
    "": {
      "dependencies": {
        "express-oauth2-jwt-bearer": "^1.6.0"
      }
    },
    "node_modules/express-oauth2-jwt-bearer": {
      "version": "1.6.0",
      "resolved": "https://registry.npmjs.org/express-oauth2-jwt-bearer/-/express-oauth2-jwt-bearer-1.6.0.tgz",
      "integrity": "sha512-HXnez7vocYlOqlfF3ozPcf/WE3zxT7zfUNfeg5FHJnvNwhBYlNXiPOvuCtBalis8xcigvwtInzEKhBuH87+9ug==",
      "dependencies": {
        "jose": "^4.13.1"
      },
      "engines": {
        "node": "^12.19.0 || ^14.15.0 || ^16.13.0 || ^18.12.0 || ^20.2.0"
      }
    },
    "node_modules/jose": {
      "version": "4.15.7",
      "resolved": "https://registry.npmjs.org/jose/-/jose-4.15.7.tgz",
      "integrity": "sha512-L7ioP+JAuZe8v+T5+zVI9Tx8LtU8BL7NxkyDFVMv+Qr3JW0jSoYDedLtodaXwfqMpeCyx4WXFNyu9tJt4WvC1A==",
      "funding": {
        "url": "https://github.com/sponsors/panva"
      }
    }
  }
}
